
Microsoft Visual Studio Solution File, Format Version 12.00
# Visual Studio Version 16
VisualStudioVersion = 16.0.33027.164
MinimumVisualStudioVersion = 10.0.40219.1
Project("{9A19103F-16F7-4668-BE54-9A1E7A4F7556}") = "CarRentalManagement.Server", "CarRentalManagement\Server\CarRentalManagement.Server.csproj", "{0F8F2D64-AEBD-4D53-9774-40D37D5FC95F}"
EndProject
Project("{9A19103F-16F7-4668-BE54-9A1E7A4F7556}") = "CarRentalManagement.Client", "CarRentalManagement\Client\CarRentalManagement.Client.csproj", "{F7D4E8B5-0EA8-45DB-8A1E-36D01E3C5192}"
EndProject
Project("{9A19103F-16F7-4668-BE54-9A1E7A4F7556}") = "CarRentalManagement.Shared", "CarRentalManagement\Shared\CarRentalManagement.Shared.csproj", "{9ECBC556-D5E7-4DEF-80A6-E19FDA52CE01}"
EndProject
Global
	GlobalSection(SolutionConfigurationPlatforms) = preSolution
		Debug|Any CPU = Debug|Any CPU
		Release|Any CPU = Release|Any CPU
	EndGlobalSection
	GlobalSection(ProjectConfigurationPlatforms) = postSolution
		{0F8F2D64-AEBD-4D53-9774-40D37D5FC95F}.Debug|Any CPU.ActiveCfg = Debug|Any CPU
		{0F8F2D64-AEBD-4D53-9774-40D37D5FC95F}.Debug|Any CPU.Build.0 = Debug|Any CPU
		{0F8F2D64-AEBD-4D53-9774-40D37D5FC95F}.Release|Any CPU.ActiveCfg = Release|Any CPU
		{0F8F2D64-AEBD-4D53-9774-40D37D5FC95F}.Release|Any CPU.Build.0 = Release|Any CPU
		{F7D4E8B5-0EA8-45DB-8A1E-36D01E3C5192}.Debug|Any CPU.ActiveCfg = Debug|Any CPU
		{F7D4E8B5-0EA8-45DB-8A1E-36D01E3C5192}.Debug|Any CPU.Build.0 = Debug|Any CPU
		{F7D4E8B5-0EA8-45DB-8A1E-36D01E3C5192}.Release|Any CPU.ActiveCfg = Release|Any CPU
		{F7D4E8B5-0EA8-45DB-8A1E-36D01E3C5192}.Release|Any CPU.Build.0 = Release|Any CPU
		{9ECBC556-D5E7-4DEF-80A6-E19FDA52CE01}.Debug|Any CPU.ActiveCfg = Debug|Any CPU
		{9ECBC556-D5E7-4DEF-80A6-E19FDA52CE01}.Debug|Any CPU.Build.0 = Debug|Any CPU
		{9ECBC556-D5E7-4DEF-80A6-E19FDA52CE01}.Release|Any CPU.ActiveCfg = Release|Any CPU
		{9ECBC556-D5E7-4DEF-80A6-E19FDA52CE01}.Release|Any CPU.Build.0 = Release|Any CPU
	EndGlobalSection
	GlobalSection(SolutionProperties) = preSolution
		HideSolutionNode = FALSE
	EndGlobalSection
	GlobalSection(ExtensibilityGlobals) = postSolution
		SolutionGuid = {E9AE8ADF-E976-403C-AD9C-E1C2494A6321}
	EndGlobalSection
EndGlobal
